
Microsoft Visual Studio Solution File, Format Version 12.00
# Visual Studio Version 17
VisualStudioVersion = 17.5.33424.131
MinimumVisualStudioVersion = 10.0.40219.1
Project("{FAE04EC0-301F-11D3-BF4B-00C04F79EFBC}") = "Lab5task1", "Lab5task1\Lab5task1.csproj", "{683E0604-85A9-49D8-AD83-F23BDC420F1D}"
EndProject
Project("{FAE04EC0-301F-11D3-BF4B-00C04F79EFBC}") = "Lab5task2", "Lab5task2\Lab5task2.csproj", "{63467FF0-08A0-4B7A-B450-0A9880B599E0}"
EndProject
Global
	GlobalSection(SolutionConfigurationPlatforms) = preSolution
		Debug|Any CPU = Debug|Any CPU
		Release|Any CPU = Release|Any CPU
	EndGlobalSection
	GlobalSection(ProjectConfigurationPlatforms) = postSolution
		{683E0604-85A9-49D8-AD83-F23BDC420F1D}.Debug|Any CPU.ActiveCfg = Debug|Any CPU
		{683E0604-85A9-49D8-AD83-F23BDC420F1D}.Debug|Any CPU.Build.0 = Debug|Any CPU
		{683E0604-85A9-49D8-AD83-F23BDC420F1D}.Release|Any CPU.ActiveCfg = Release|Any CPU
		{683E0604-85A9-49D8-AD83-F23BDC420F1D}.Release|Any CPU.Build.0 = Release|Any CPU
		{63467FF0-08A0-4B7A-B450-0A9880B599E0}.Debug|Any CPU.ActiveCfg = Debug|Any CPU
		{63467FF0-08A0-4B7A-B450-0A9880B599E0}.Debug|Any CPU.Build.0 = Debug|Any CPU
		{63467FF0-08A0-4B7A-B450-0A9880B599E0}.Release|Any CPU.ActiveCfg = Release|Any CPU
		{63467FF0-08A0-4B7A-B450-0A9880B599E0}.Release|Any CPU.Build.0 = Release|Any CPU
	EndGlobalSection
	GlobalSection(SolutionProperties) = preSolution
		HideSolutionNode = FALSE
	EndGlobalSection
	GlobalSection(ExtensibilityGlobals) = postSolution
		SolutionGuid = {5880581D-203D-487B-9AE5-84651F65EA75}
	EndGlobalSection
EndGlobal
